
Microsoft Visual Studio Solution File, Format Version 12.00
# Visual Studio 15
VisualStudioVersion = 15.0.28307.102
MinimumVisualStudioVersion = 10.0.40219.1
Project("{FAE04EC0-301F-11D3-BF4B-00C04F79EFBC}") = "ConsoleApp1", "ConsoleApp1\ConsoleApp1.csproj", "{20080DF7-300E-4953-B158-5D579F40CAC4}"
EndProject
Global
	GlobalSection(SolutionConfigurationPlatforms) = preSolution
		Debug|Any CPU = Debug|Any CPU
		Release|Any CPU = Release|Any CPU
	EndGlobalSection
	GlobalSection(ProjectConfigurationPlatforms) = postSolution
		{20080DF7-300E-4953-B158-5D579F40CAC4}.Debug|Any CPU.ActiveCfg = Debug|Any CPU
		{20080DF7-300E-4953-B158-5D579F40CAC4}.Debug|Any CPU.Build.0 = Debug|Any CPU
		{20080DF7-300E-4953-B158-5D579F40CAC4}.Release|Any CPU.ActiveCfg = Release|Any CPU
		{20080DF7-300E-4953-B158-5D579F40CAC4}.Release|Any CPU.Build.0 = Release|Any CPU
	EndGlobalSection
	GlobalSection(SolutionProperties) = preSolution
		HideSolutionNode = FALSE
	EndGlobalSection
	GlobalSection(ExtensibilityGlobals) = postSolution
		SolutionGuid = {86AA6086-6C78-470A-98EB-25899C406B0B}
	EndGlobalSection
EndGlobal
